// !$*UTF8*$!
{
	archiveVersion = 1;
	classes = {
	};
	objectVersion = 55;
	objects = {

/* Begin PBXBuildFile section */
		ADE6BD8D2819BADA00637158 /* AppDelegate.swift in Sources */ = {isa = PBXBuildFile; fileRef = ADE6BD8C2819BADA00637158 /* AppDelegate.swift */; };
		ADE6BD912819BADA00637158 /* ProfileCreationViewController.swift in Sources */ = {isa = PBXBuildFile; fileRef = ADE6BD902819BADA00637158 /* ProfileCreationViewController.swift */; };
		ADE6BD942819BADA00637158 /* Main.storyboard in Resources */ = {isa = PBXBuildFile; fileRef = ADE6BD922819BADA00637158 /* Main.storyboard */; };
		ADE6BD962819BADB00637158 /* Assets.xcassets in Resources */ = {isa = PBXBuildFile; fileRef = ADE6BD952819BADB00637158 /* Assets.xcassets */; };
		ADE6BDC22819C6EB00637158 /* Portfolio.swift in Sources */ = {isa = PBXBuildFile; fileRef = ADE6BDC12819C6EB00637158 /* Portfolio.swift */; };
		ADE6BDD62819C90400637158 /* Portfolio_test.swift in Sources */ = {isa = PBXBuildFile; fileRef = ADE6BDD52819C90400637158 /* Portfolio_test.swift */; };
		ADE6BDD82819CD2000637158 /* HeaderView.swift in Sources */ = {isa = PBXBuildFile; fileRef = ADE6BDD72819CD2000637158 /* HeaderView.swift */; };
		ADE6BDE92819D1FE00637158 /* ProfileCreationViewController_test.swift in Sources */ = {isa = PBXBuildFile; fileRef = ADE6BDE82819D1FE00637158 /* ProfileCreationViewController_test.swift */; };
		ADE6BDED2819E13100637158 /* CustomTextField.swift in Sources */ = {isa = PBXBuildFile; fileRef = ADE6BDEC2819E13100637158 /* CustomTextField.swift */; };
		ADE6BDEF2819E53000637158 /* Extensions.swift in Sources */ = {isa = PBXBuildFile; fileRef = ADE6BDEE2819E53000637158 /* Extensions.swift */; };
		ADE6BDF32819EF3C00637158 /* CustomTextField_test.swift in Sources */ = {isa = PBXBuildFile; fileRef = ADE6BDF22819EF3C00637158 /* CustomTextField_test.swift */; };
		ADE6BDF52819F32600637158 /* ConfirmationViewController.swift in Sources */ = {isa = PBXBuildFile; fileRef = ADE6BDF42819F32600637158 /* ConfirmationViewController.swift */; };
		ADE6BDF9281A027500637158 /* ConfirmationViewController_test.swift in Sources */ = {isa = PBXBuildFile; fileRef = ADE6BDF8281A027500637158 /* ConfirmationViewController_test.swift */; };
/* End PBXBuildFile section */

/* Begin PBXContainerItemProxy section */
		ADE6BDD02819C8BF00637158 /* PBXContainerItemProxy */ = {
			isa = PBXContainerItemProxy;
			containerPortal = ADE6BD812819BADA00637158 /* Project object */;
			proxyType = 1;
			remoteGlobalIDString = ADE6BD882819BADA00637158;
			remoteInfo = "MSChallenge-UIKit";
		};
		ADE6BDE32819D18C00637158 /* PBXContainerItemProxy */ = {
			isa = PBXContainerItemProxy;
			containerPortal = ADE6BD812819BADA00637158 /* Project object */;
			proxyType = 1;
			remoteGlobalIDString = ADE6BD882819BADA00637158;
			remoteInfo = "MSChallenge-UIKit";
		};
/* End PBXContainerItemProxy section */

/* Begin PBXFileReference section */
		ADE6BD892819BADA00637158 /* MSChallenge-UIKit.app */ = {isa = PBXFileReference; explicitFileType = wrapper.application; includeInIndex = 0; path = "MSChallenge-UIKit.app"; sourceTree = BUILT_PRODUCTS_DIR; };
		ADE6BD8C2819BADA00637158 /* AppDelegate.swift */ = {isa = PBXFileReference; lastKnownFileType = sourcecode.swift; path = AppDelegate.swift; sourceTree = "<group>"; };
		ADE6BD902819BADA00637158 /* ProfileCreationViewController.swift */ = {isa = PBXFileReference; lastKnownFileType = sourcecode.swift; path = ProfileCreationViewController.swift; sourceTree = "<group>"; };
		ADE6BD932819BADA00637158 /* Base */ = {isa = PBXFileReference; lastKnownFileType = file.storyboard; name = Base; path = Base.lproj/Main.storyboard; sourceTree = "<group>"; };
		ADE6BD952819BADB00637158 /* Assets.xcassets */ = {isa = PBXFileReference; lastKnownFileType = folder.assetcatalog; path = Assets.xcassets; sourceTree = "<group>"; };
		ADE6BD9A2819BADB00637158 /* Info.plist */ = {isa = PBXFileReference; lastKnownFileType = text.plist.xml; path = Info.plist; sourceTree = "<group>"; };
		ADE6BDC12819C6EB00637158 /* Portfolio.swift */ = {isa = PBXFileReference; lastKnownFileType = sourcecode.swift; path = Portfolio.swift; sourceTree = "<group>"; };
		ADE6BDCC2819C8BF00637158 /* MSChallenge-UIKitTests.xctest */ = {isa = PBXFileReference; explicitFileType = wrapper.cfbundle; includeInIndex = 0; path = "MSChallenge-UIKitTests.xctest"; sourceTree = BUILT_PRODUCTS_DIR; };
		ADE6BDD52819C90400637158 /* Portfolio_test.swift */ = {isa = PBXFileReference; lastKnownFileType = sourcecode.swift; path = Portfolio_test.swift; sourceTree = "<group>"; };
		ADE6BDD72819CD2000637158 /* HeaderView.swift */ = {isa = PBXFileReference; lastKnownFileType = sourcecode.swift; path = HeaderView.swift; sourceTree = "<group>"; };
		ADE6BDDD2819D18C00637158 /* MSChallenge-UIKitUITests.xctest */ = {isa = PBXFileReference; explicitFileType = wrapper.cfbundle; includeInIndex = 0; path = "MSChallenge-UIKitUITests.xctest"; sourceTree = BUILT_PRODUCTS_DIR; };
		ADE6BDE82819D1FE00637158 /* ProfileCreationViewController_test.swift */ = {isa = PBXFileReference; lastKnownFileType = sourcecode.swift; path = ProfileCreationViewController_test.swift; sourceTree = "<group>"; };
		ADE6BDEC2819E13100637158 /* CustomTextField.swift */ = {isa = PBXFileReference; lastKnownFileType = sourcecode.swift; path = CustomTextField.swift; sourceTree = "<group>"; };
		ADE6BDEE2819E53000637158 /* Extensions.swift */ = {isa = PBXFileReference; lastKnownFileType = sourcecode.swift; path = Extensions.swift; sourceTree = "<group>"; };
		ADE6BDF22819EF3C00637158 /* CustomTextField_test.swift */ = {isa = PBXFileReference; lastKnownFileType = sourcecode.swift; path = CustomTextField_test.swift; sourceTree = "<group>"; };
		ADE6BDF42819F32600637158 /* ConfirmationViewController.swift */ = {isa = PBXFileReference; lastKnownFileType = sourcecode.swift; path = ConfirmationViewController.swift; sourceTree = "<group>"; };
		ADE6BDF8281A027500637158 /* ConfirmationViewController_test.swift */ = {isa = PBXFileReference; lastKnownFileType = sourcecode.swift; path = ConfirmationViewController_test.swift; sourceTree = "<group>"; };
/* End PBXFileReference section */

/* Begin PBXFrameworksBuildPhase section */
		ADE6BD862819BADA00637158 /* Frameworks */ = {
			isa = PBXFrameworksBuildPhase;
			buildActionMask = 2147483647;
			files = (
			);
			runOnlyForDeploymentPostprocessing = 0;
		};
		ADE6BDC92819C8BF00637158 /* Frameworks */ = {
			isa = PBXFrameworksBuildPhase;
			buildActionMask = 2147483647;
			files = (
			);
			runOnlyForDeploymentPostprocessing = 0;
		};
		ADE6BDDA2819D18C00637158 /* Frameworks */ = {
			isa = PBXFrameworksBuildPhase;
			buildActionMask = 2147483647;
			files = (
			);
			runOnlyForDeploymentPostprocessing = 0;
		};
/* End PBXFrameworksBuildPhase section */

/* Begin PBXGroup section */
		ADE6BD802819BADA00637158 = {
			isa = PBXGroup;
			children = (
				ADE6BD8B2819BADA00637158 /* MSChallenge-UIKit */,
				ADE6BDCD2819C8BF00637158 /* MSChallenge-UIKitTests */,
				ADE6BDDE2819D18C00637158 /* MSChallenge-UIKitUITests */,
				ADE6BD8A2819BADA00637158 /* Products */,
			);
			sourceTree = "<group>";
		};
		ADE6BD8A2819BADA00637158 /* Products */ = {
			isa = PBXGroup;
			children = (
				ADE6BD892819BADA00637158 /* MSChallenge-UIKit.app */,
				ADE6BDCC2819C8BF00637158 /* MSChallenge-UIKitTests.xctest */,
				ADE6BDDD2819D18C00637158 /* MSChallenge-UIKitUITests.xctest */,
			);
			name = Products;
			sourceTree = "<group>";
		};
		ADE6BD8B2819BADA00637158 /* MSChallenge-UIKit */ = {
			isa = PBXGroup;
			children = (
				ADE6BDBC2819BD6B00637158 /* Models */,
				ADE6BDBD2819BD7C00637158 /* ViewControllers */,
				ADE6BDBE2819BD8900637158 /* Views */,
				ADE6BDBF2819BD9100637158 /* Resources */,
				ADE6BDC02819BDAC00637158 /* Core */,
				ADE6BD9A2819BADB00637158 /* Info.plist */,
			);
			path = "MSChallenge-UIKit";
			sourceTree = "<group>";
		};
		ADE6BDBC2819BD6B00637158 /* Models */ = {
			isa = PBXGroup;
			children = (
				ADE6BDC12819C6EB00637158 /* Portfolio.swift */,
			);
			path = Models;
			sourceTree = "<group>";
		};
		ADE6BDBD2819BD7C00637158 /* ViewControllers */ = {
			isa = PBXGroup;
			children = (
				ADE6BD902819BADA00637158 /* ProfileCreationViewController.swift */,
				ADE6BDF42819F32600637158 /* ConfirmationViewController.swift */,
			);
			path = ViewControllers;
			sourceTree = "<group>";
		};
		ADE6BDBE2819BD8900637158 /* Views */ = {
			isa = PBXGroup;
			children = (
				ADE6BDD72819CD2000637158 /* HeaderView.swift */,
				ADE6BDEC2819E13100637158 /* CustomTextField.swift */,
			);
			path = Views;
			sourceTree = "<group>";
		};
		ADE6BDBF2819BD9100637158 /* Resources */ = {
			isa = PBXGroup;
			children = (
				ADE6BDEE2819E53000637158 /* Extensions.swift */,
				ADE6BD952819BADB00637158 /* Assets.xcassets */,
			);
			path = Resources;
			sourceTree = "<group>";
		};
		ADE6BDC02819BDAC00637158 /* Core */ = {
			isa = PBXGroup;
			children = (
				ADE6BD8C2819BADA00637158 /* AppDelegate.swift */,
				ADE6BD922819BADA00637158 /* Main.storyboard */,
			);
			path = Core;
			sourceTree = "<group>";
		};
		ADE6BDCD2819C8BF00637158 /* MSChallenge-UIKitTests */ = {
			isa = PBXGroup;
			children = (
				ADE6BDD52819C90400637158 /* Portfolio_test.swift */,
				ADE6BDF22819EF3C00637158 /* CustomTextField_test.swift */,
				ADE6BDF8281A027500637158 /* ConfirmationViewController_test.swift */,
			);
			path = "MSChallenge-UIKitTests";
			sourceTree = "<group>";
		};
		ADE6BDDE2819D18C00637158 /* MSChallenge-UIKitUITests */ = {
			isa = PBXGroup;
			children = (
				ADE6BDE82819D1FE00637158 /* ProfileCreationViewController_test.swift */,
			);
			path = "MSChallenge-UIKitUITests";
			sourceTree = "<group>";
		};
/* End PBXGroup section */

/* Begin PBXNativeTarget section */
		ADE6BD882819BADA00637158 /* MSChallenge-UIKit */ = {
			isa = PBXNativeTarget;
			buildConfigurationList = ADE6BDB32819BADB00637158 /* Build configuration list for PBXNativeTarget "MSChallenge-UIKit" */;
			buildPhases = (
				ADE6BD852819BADA00637158 /* Sources */,
				ADE6BD862819BADA00637158 /* Frameworks */,
				ADE6BD872819BADA00637158 /* Resources */,
			);
			buildRules = (
			);
			dependencies = (
			);
			name = "MSChallenge-UIKit";
			productName = "MSChallenge-UIKit";
			productReference = ADE6BD892819BADA00637158 /* MSChallenge-UIKit.app */;
			productType = "com.apple.product-type.application";
		};
		ADE6BDCB2819C8BF00637158 /* MSChallenge-UIKitTests */ = {
			isa = PBXNativeTarget;
			buildConfigurationList = ADE6BDD22819C8BF00637158 /* Build configuration list for PBXNativeTarget "MSChallenge-UIKitTests" */;
			buildPhases = (
				ADE6BDC82819C8BF00637158 /* Sources */,
				ADE6BDC92819C8BF00637158 /* Frameworks */,
				ADE6BDCA2819C8BF00637158 /* Resources */,
			);
			buildRules = (
			);
			dependencies = (
				ADE6BDD12819C8BF00637158 /* PBXTargetDependency */,
			);
			name = "MSChallenge-UIKitTests";
			productName = "MSChallenge-UIKitTests";
			productReference = ADE6BDCC2819C8BF00637158 /* MSChallenge-UIKitTests.xctest */;
			productType = "com.apple.product-type.bundle.unit-test";
		};
		ADE6BDDC2819D18C00637158 /* MSChallenge-UIKitUITests */ = {
			isa = PBXNativeTarget;
			buildConfigurationList = ADE6BDE52819D18C00637158 /* Build configuration list for PBXNativeTarget "MSChallenge-UIKitUITests" */;
			buildPhases = (
				ADE6BDD92819D18C00637158 /* Sources */,
				ADE6BDDA2819D18C00637158 /* Frameworks */,
				ADE6BDDB2819D18C00637158 /* Resources */,
			);
			buildRules = (
			);
			dependencies = (
				ADE6BDE42819D18C00637158 /* PBXTargetDependency */,
			);
			name = "MSChallenge-UIKitUITests";
			productName = "MSChallenge-UIKitUITests";
			productReference = ADE6BDDD2819D18C00637158 /* MSChallenge-UIKitUITests.xctest */;
			productType = "com.apple.product-type.bundle.ui-testing";
		};
/* End PBXNativeTarget section */

/* Begin PBXProject section */
		ADE6BD812819BADA00637158 /* Project object */ = {
			isa = PBXProject;
			attributes = {
				BuildIndependentTargetsInParallel = 1;
				LastSwiftUpdateCheck = 1320;
				LastUpgradeCheck = 1320;
				TargetAttributes = {
					ADE6BD882819BADA00637158 = {
						CreatedOnToolsVersion = 13.2.1;
					};
					ADE6BDCB2819C8BF00637158 = {
						CreatedOnToolsVersion = 13.2.1;
						LastSwiftMigration = 1320;
						TestTargetID = ADE6BD882819BADA00637158;
					};
					ADE6BDDC2819D18C00637158 = {
						CreatedOnToolsVersion = 13.2.1;
						LastSwiftMigration = 1320;
						TestTargetID = ADE6BD882819BADA00637158;
					};
				};
			};
			buildConfigurationList = ADE6BD842819BADA00637158 /* Build configuration list for PBXProject "MSChallenge-UIKit" */;
			compatibilityVersion = "Xcode 13.0";
			developmentRegion = en;
			hasScannedForEncodings = 0;
			knownRegions = (
				en,
				Base,
			);
			mainGroup = ADE6BD802819BADA00637158;
			productRefGroup = ADE6BD8A2819BADA00637158 /* Products */;
			projectDirPath = "";
			projectRoot = "";
			targets = (
				ADE6BD882819BADA00637158 /* MSChallenge-UIKit */,
				ADE6BDCB2819C8BF00637158 /* MSChallenge-UIKitTests */,
				ADE6BDDC2819D18C00637158 /* MSChallenge-UIKitUITests */,
			);
		};
/* End PBXProject section */

/* Begin PBXResourcesBuildPhase section */
		ADE6BD872819BADA00637158 /* Resources */ = {
			isa = PBXResourcesBuildPhase;
			buildActionMask = 2147483647;
			files = (
				ADE6BD962819BADB00637158 /* Assets.xcassets in Resources */,
				ADE6BD942819BADA00637158 /* Main.storyboard in Resources */,
			);
			runOnlyForDeploymentPostprocessing = 0;
		};
		ADE6BDCA2819C8BF00637158 /* Resources */ = {
			isa = PBXResourcesBuildPhase;
			buildActionMask = 2147483647;
			files = (
			);
			runOnlyForDeploymentPostprocessing = 0;
		};
		ADE6BDDB2819D18C00637158 /* Resources */ = {
			isa = PBXResourcesBuildPhase;
			buildActionMask = 2147483647;
			files = (
			);
			runOnlyForDeploymentPostprocessing = 0;
		};
/* End PBXResourcesBuildPhase section */

/* Begin PBXSourcesBuildPhase section */
		ADE6BD852819BADA00637158 /* Sources */ = {
			isa = PBXSourcesBuildPhase;
			buildActionMask = 2147483647;
			files = (
				ADE6BDF52819F32600637158 /* ConfirmationViewController.swift in Sources */,
				ADE6BDC22819C6EB00637158 /* Portfolio.swift in Sources */,
				ADE6BDEF2819E53000637158 /* Extensions.swift in Sources */,
				ADE6BD912819BADA00637158 /* ProfileCreationViewController.swift in Sources */,
				ADE6BD8D2819BADA00637158 /* AppDelegate.swift in Sources */,
				ADE6BDD82819CD2000637158 /* HeaderView.swift in Sources */,
				ADE6BDED2819E13100637158 /* CustomTextField.swift in Sources */,
			);
			runOnlyForDeploymentPostprocessing = 0;
		};
		ADE6BDC82819C8BF00637158 /* Sources */ = {
			isa = PBXSourcesBuildPhase;
			buildActionMask = 2147483647;
			files = (
				ADE6BDF32819EF3C00637158 /* CustomTextField_test.swift in Sources */,
				ADE6BDD62819C90400637158 /* Portfolio_test.swift in Sources */,
				ADE6BDF9281A027500637158 /* ConfirmationViewController_test.swift in Sources */,
			);
			runOnlyForDeploymentPostprocessing = 0;
		};
		ADE6BDD92819D18C00637158 /* Sources */ = {
			isa = PBXSourcesBuildPhase;
			buildActionMask = 2147483647;
			files = (
				ADE6BDE92819D1FE00637158 /* ProfileCreationViewController_test.swift in Sources */,
			);
			runOnlyForDeploymentPostprocessing = 0;
		};
/* End PBXSourcesBuildPhase section */

/* Begin PBXTargetDependency section */
		ADE6BDD12819C8BF00637158 /* PBXTargetDependency */ = {
			isa = PBXTargetDependency;
			target = ADE6BD882819BADA00637158 /* MSChallenge-UIKit */;
			targetProxy = ADE6BDD02819C8BF00637158 /* PBXContainerItemProxy */;
		};
		ADE6BDE42819D18C00637158 /* PBXTargetDependency */ = {
			isa = PBXTargetDependency;
			target = ADE6BD882819BADA00637158 /* MSChallenge-UIKit */;
			targetProxy = ADE6BDE32819D18C00637158 /* PBXContainerItemProxy */;
		};
/* End PBXTargetDependency section */

/* Begin PBXVariantGroup section */
		ADE6BD922819BADA00637158 /* Main.storyboard */ = {
			isa = PBXVariantGroup;
			children = (
				ADE6BD932819BADA00637158 /* Base */,
			);
			name = Main.storyboard;
			sourceTree = "<group>";
		};
/* End PBXVariantGroup section */

/* Begin XCBuildConfiguration section */
		ADE6BDB12819BADB00637158 /* Debug */ = {
			isa = XCBuildConfiguration;
			buildSettings = {
				ALWAYS_SEARCH_USER_PATHS = NO;
				CLANG_ANALYZER_NONNULL = YES;
				CLANG_ANALYZER_NUMBER_OBJECT_CONVERSION = YES_AGGRESSIVE;
				CLANG_CXX_LANGUAGE_STANDARD = "gnu++17";
				CLANG_CXX_LIBRARY = "libc++";
				CLANG_ENABLE_MODULES = YES;
				CLANG_ENABLE_OBJC_ARC = YES;
				CLANG_ENABLE_OBJC_WEAK = YES;
				CLANG_WARN_BLOCK_CAPTURE_AUTORELEASING = YES;
				CLANG_WARN_BOOL_CONVERSION = YES;
				CLANG_WARN_COMMA = YES;
				CLANG_WARN_CONSTANT_CONVERSION = YES;
				CLANG_WARN_DEPRECATED_OBJC_IMPLEMENTATIONS = YES;
				CLANG_WARN_DIRECT_OBJC_ISA_USAGE = YES_ERROR;
				CLANG_WARN_DOCUMENTATION_COMMENTS = YES;
				CLANG_WARN_EMPTY_BODY = YES;
				CLANG_WARN_ENUM_CONVERSION = YES;
				CLANG_WARN_INFINITE_RECURSION = YES;
				CLANG_WARN_INT_CONVERSION = YES;
				CLANG_WARN_NON_LITERAL_NULL_CONVERSION = YES;
				CLANG_WARN_OBJC_IMPLICIT_RETAIN_SELF = YES;
				CLANG_WARN_OBJC_LITERAL_CONVERSION = YES;
				CLANG_WARN_OBJC_ROOT_CLASS = YES_ERROR;
				CLANG_WARN_QUOTED_INCLUDE_IN_FRAMEWORK_HEADER = YES;
				CLANG_WARN_RANGE_LOOP_ANALYSIS = YES;
				CLANG_WARN_STRICT_PROTOTYPES = YES;
				CLANG_WARN_SUSPICIOUS_MOVE = YES;
				CLANG_WARN_UNGUARDED_AVAILABILITY = YES_AGGRESSIVE;
				CLANG_WARN_UNREACHABLE_CODE = YES;
				CLANG_WARN__DUPLICATE_METHOD_MATCH = YES;
				COPY_PHASE_STRIP = NO;
				DEBUG_INFORMATION_FORMAT = dwarf;
				ENABLE_STRICT_OBJC_MSGSEND = YES;
				ENABLE_TESTABILITY = YES;
				GCC_C_LANGUAGE_STANDARD = gnu11;
				GCC_DYNAMIC_NO_PIC = NO;
				GCC_NO_COMMON_BLOCKS = YES;
				GCC_OPTIMIZATION_LEVEL = 0;
				GCC_PREPROCESSOR_DEFINITIONS = (
					"DEBUG=1",
					"$(inherited)",
				);
				GCC_WARN_64_TO_32_BIT_CONVERSION = YES;
				GCC_WARN_ABOUT_RETURN_TYPE = YES_ERROR;
				GCC_WARN_UNDECLARED_SELECTOR = YES;
				GCC_WARN_UNINITIALIZED_AUTOS = YES_AGGRESSIVE;
				GCC_WARN_UNUSED_FUNCTION = YES;
				GCC_WARN_UNUSED_VARIABLE = YES;
				IPHONEOS_DEPLOYMENT_TARGET = 15.2;
				MTL_ENABLE_DEBUG_INFO = INCLUDE_SOURCE;
				MTL_FAST_MATH = YES;
				ONLY_ACTIVE_ARCH = YES;
				SDKROOT = iphoneos;
				SWIFT_ACTIVE_COMPILATION_CONDITIONS = DEBUG;
				SWIFT_OPTIMIZATION_LEVEL = "-Onone";
			};
			name = Debug;
		};
		ADE6BDB22819BADB00637158 /* Release */ = {
			isa = XCBuildConfiguration;
			buildSettings = {
				ALWAYS_SEARCH_USER_PATHS = NO;
				CLANG_ANALYZER_NONNULL = YES;
				CLANG_ANALYZER_NUMBER_OBJECT_CONVERSION = YES_AGGRESSIVE;
				CLANG_CXX_LANGUAGE_STANDARD = "gnu++17";
				CLANG_CXX_LIBRARY = "libc++";
				CLANG_ENABLE_MODULES = YES;
				CLANG_ENABLE_OBJC_ARC = YES;
				CLANG_ENABLE_OBJC_WEAK = YES;
				CLANG_WARN_BLOCK_CAPTURE_AUTORELEASING = YES;
				CLANG_WARN_BOOL_CONVERSION = YES;
				CLANG_WARN_COMMA = YES;
				CLANG_WARN_CONSTANT_CONVERSION = YES;
				CLANG_WARN_DEPRECATED_OBJC_IMPLEMENTATIONS = YES;
				CLANG_WARN_DIRECT_OBJC_ISA_USAGE = YES_ERROR;
				CLANG_WARN_DOCUMENTATION_COMMENTS = YES;
				CLANG_WARN_EMPTY_BODY = YES;
				CLANG_WARN_ENUM_CONVERSION = YES;
				CLANG_WARN_INFINITE_RECURSION = YES;
				CLANG_WARN_INT_CONVERSION = YES;
				CLANG_WARN_NON_LITERAL_NULL_CONVERSION = YES;
				CLANG_WARN_OBJC_IMPLICIT_RETAIN_SELF = YES;
				CLANG_WARN_OBJC_LITERAL_CONVERSION = YES;
				CLANG_WARN_OBJC_ROOT_CLASS = YES_ERROR;
				CLANG_WARN_QUOTED_INCLUDE_IN_FRAMEWORK_HEADER = YES;
				CLANG_WARN_RANGE_LOOP_ANALYSIS = YES;
				CLANG_WARN_STRICT_PROTOTYPES = YES;
				CLANG_WARN_SUSPICIOUS_MOVE = YES;
				CLANG_WARN_UNGUARDED_AVAILABILITY = YES_AGGRESSIVE;
				CLANG_WARN_UNREACHABLE_CODE = YES;
				CLANG_WARN__DUPLICATE_METHOD_MATCH = YES;
				COPY_PHASE_STRIP = NO;
				DEBUG_INFORMATION_FORMAT = "dwarf-with-dsym";
				ENABLE_NS_ASSERTIONS = NO;
				ENABLE_STRICT_OBJC_MSGSEND = YES;
				GCC_C_LANGUAGE_STANDARD = gnu11;
				GCC_NO_COMMON_BLOCKS = YES;
				GCC_WARN_64_TO_32_BIT_CONVERSION = YES;
				GCC_WARN_ABOUT_RETURN_TYPE = YES_ERROR;
				GCC_WARN_UNDECLARED_SELECTOR = YES;
				GCC_WARN_UNINITIALIZED_AUTOS = YES_AGGRESSIVE;
				GCC_WARN_UNUSED_FUNCTION = YES;
				GCC_WARN_UNUSED_VARIABLE = YES;
				IPHONEOS_DEPLOYMENT_TARGET = 15.2;
				MTL_ENABLE_DEBUG_INFO = NO;
				MTL_FAST_MATH = YES;
				SDKROOT = iphoneos;
				SWIFT_COMPILATION_MODE = wholemodule;
				SWIFT_OPTIMIZATION_LEVEL = "-O";
				VALIDATE_PRODUCT = YES;
			};
			name = Release;
		};
		ADE6BDB42819BADB00637158 /* Debug */ = {
			isa = XCBuildConfiguration;
			buildSettings = {
				ASSETCATALOG_COMPILER_APPICON_NAME = AppIcon;
				ASSETCATALOG_COMPILER_GLOBAL_ACCENT_COLOR_NAME = AccentColor;
				CODE_SIGN_STYLE = Automatic;
				CURRENT_PROJECT_VERSION = 1;
				DEVELOPMENT_TEAM = KMHRAT3DN4;
				GENERATE_INFOPLIST_FILE = YES;
				INFOPLIST_FILE = "MSChallenge-UIKit/Info.plist";
				INFOPLIST_KEY_UIApplicationSupportsIndirectInputEvents = YES;
				INFOPLIST_KEY_UILaunchStoryboardName = LaunchScreen;
				INFOPLIST_KEY_UIMainStoryboardFile = Main;
				INFOPLIST_KEY_UISupportedInterfaceOrientations = "UIInterfaceOrientationPortrait UIInterfaceOrientationPortraitUpsideDown";
				INFOPLIST_KEY_UISupportedInterfaceOrientations_iPad = "UIInterfaceOrientationPortrait UIInterfaceOrientationPortraitUpsideDown";
				INFOPLIST_KEY_UISupportedInterfaceOrientations_iPhone = UIInterfaceOrientationPortrait;
				LD_RUNPATH_SEARCH_PATHS = (
					"$(inherited)",
					"@executable_path/Frameworks",
				);
				MARKETING_VERSION = 1.0;
				PRODUCT_BUNDLE_IDENTIFIER = "VladHouse.MSChallenge-UIKit";
				PRODUCT_NAME = "$(TARGET_NAME)";
				SWIFT_EMIT_LOC_STRINGS = YES;
				SWIFT_VERSION = 5.0;
				TARGETED_DEVICE_FAMILY = "1,2";
			};
			name = Debug;
		};
		ADE6BDB52819BADB00637158 /* Release */ = {
			isa = XCBuildConfiguration;
			buildSettings = {
				ASSETCATALOG_COMPILER_APPICON_NAME = AppIcon;
				ASSETCATALOG_COMPILER_GLOBAL_ACCENT_COLOR_NAME = AccentColor;
				CODE_SIGN_STYLE = Automatic;
				CURRENT_PROJECT_VERSION = 1;
				DEVELOPMENT_TEAM = KMHRAT3DN4;
				GENERATE_INFOPLIST_FILE = YES;
				INFOPLIST_FILE = "MSChallenge-UIKit/Info.plist";
				INFOPLIST_KEY_UIApplicationSupportsIndirectInputEvents = YES;
				INFOPLIST_KEY_UILaunchStoryboardName = LaunchScreen;
				INFOPLIST_KEY_UIMainStoryboardFile = Main;
				INFOPLIST_KEY_UISupportedInterfaceOrientations = "UIInterfaceOrientationPortrait UIInterfaceOrientationPortraitUpsideDown";
				INFOPLIST_KEY_UISupportedInterfaceOrientations_iPad = "UIInterfaceOrientationPortrait UIInterfaceOrientationPortraitUpsideDown";
				INFOPLIST_KEY_UISupportedInterfaceOrientations_iPhone = UIInterfaceOrientationPortrait;
				LD_RUNPATH_SEARCH_PATHS = (
					"$(inherited)",
					"@executable_path/Frameworks",
				);
				MARKETING_VERSION = 1.0;
				PRODUCT_BUNDLE_IDENTIFIER = "VladHouse.MSChallenge-UIKit";
				PRODUCT_NAME = "$(TARGET_NAME)";
				SWIFT_EMIT_LOC_STRINGS = YES;
				SWIFT_VERSION = 5.0;
				TARGETED_DEVICE_FAMILY = "1,2";
			};
			name = Release;
		};
		ADE6BDD32819C8BF00637158 /* Debug */ = {
			isa = XCBuildConfiguration;
			buildSettings = {
				BUNDLE_LOADER = "$(TEST_HOST)";
				CLANG_ENABLE_MODULES = YES;
				CODE_SIGN_STYLE = Automatic;
				CURRENT_PROJECT_VERSION = 1;
				DEVELOPMENT_TEAM = KMHRAT3DN4;
				GENERATE_INFOPLIST_FILE = YES;
				LD_RUNPATH_SEARCH_PATHS = (
					"$(inherited)",
					"@executable_path/Frameworks",
					"@loader_path/Frameworks",
				);
				MARKETING_VERSION = 1.0;
				PRODUCT_BUNDLE_IDENTIFIER = "VladHouse.MSChallenge-UIKitTests";
				PRODUCT_NAME = "$(TARGET_NAME)";
				SWIFT_EMIT_LOC_STRINGS = NO;
				SWIFT_OPTIMIZATION_LEVEL = "-Onone";
				SWIFT_VERSION = 5.0;
				TARGETED_DEVICE_FAMILY = "1,2";
				TEST_HOST = "$(BUILT_PRODUCTS_DIR)/MSChallenge-UIKit.app/MSChallenge-UIKit";
			};
			name = Debug;
		};
		ADE6BDD42819C8BF00637158 /* Release */ = {
			isa = XCBuildConfiguration;
			buildSettings = {
				BUNDLE_LOADER = "$(TEST_HOST)";
				CLANG_ENABLE_MODULES = YES;
				CODE_SIGN_STYLE = Automatic;
				CURRENT_PROJECT_VERSION = 1;
				DEVELOPMENT_TEAM = KMHRAT3DN4;
				GENERATE_INFOPLIST_FILE = YES;
				LD_RUNPATH_SEARCH_PATHS = (
					"$(inherited)",
					"@executable_path/Frameworks",
					"@loader_path/Frameworks",
				);
				MARKETING_VERSION = 1.0;
				PRODUCT_BUNDLE_IDENTIFIER = "VladHouse.MSChallenge-UIKitTests";
				PRODUCT_NAME = "$(TARGET_NAME)";
				SWIFT_EMIT_LOC_STRINGS = NO;
				SWIFT_VERSION = 5.0;
				TARGETED_DEVICE_FAMILY = "1,2";
				TEST_HOST = "$(BUILT_PRODUCTS_DIR)/MSChallenge-UIKit.app/MSChallenge-UIKit";
			};
			name = Release;
		};
		ADE6BDE62819D18C00637158 /* Debug */ = {
			isa = XCBuildConfiguration;
			buildSettings = {
				CLANG_ENABLE_MODULES = YES;
				CODE_SIGN_STYLE = Automatic;
				CURRENT_PROJECT_VERSION = 1;
				DEVELOPMENT_TEAM = KMHRAT3DN4;
				GENERATE_INFOPLIST_FILE = YES;
				LD_RUNPATH_SEARCH_PATHS = (
					"$(inherited)",
					"@executable_path/Frameworks",
					"@loader_path/Frameworks",
				);
				MARKETING_VERSION = 1.0;
				PRODUCT_BUNDLE_IDENTIFIER = "VladHouse.MSChallenge-UIKitUITests";
				PRODUCT_NAME = "$(TARGET_NAME)";
				SWIFT_EMIT_LOC_STRINGS = NO;
				SWIFT_OPTIMIZATION_LEVEL = "-Onone";
				SWIFT_VERSION = 5.0;
				TARGETED_DEVICE_FAMILY = "1,2";
				TEST_TARGET_NAME = "MSChallenge-UIKit";
			};
			name = Debug;
		};
		ADE6BDE72819D18C00637158 /* Release */ = {
			isa = XCBuildConfiguration;
			buildSettings = {
				CLANG_ENABLE_MODULES = YES;
				CODE_SIGN_STYLE = Automatic;
				CURRENT_PROJECT_VERSION = 1;
				DEVELOPMENT_TEAM = KMHRAT3DN4;
				GENERATE_INFOPLIST_FILE = YES;
				LD_RUNPATH_SEARCH_PATHS = (
					"$(inherited)",
					"@executable_path/Frameworks",
					"@loader_path/Frameworks",
				);
				MARKETING_VERSION = 1.0;
				PRODUCT_BUNDLE_IDENTIFIER = "VladHouse.MSChallenge-UIKitUITests";
				PRODUCT_NAME = "$(TARGET_NAME)";
				SWIFT_EMIT_LOC_STRINGS = NO;
				SWIFT_VERSION = 5.0;
				TARGETED_DEVICE_FAMILY = "1,2";
				TEST_TARGET_NAME = "MSChallenge-UIKit";
			};
			name = Release;
		};
/* End XCBuildConfiguration section */

/* Begin XCConfigurationList section */
		ADE6BD842819BADA00637158 /* Build configuration list for PBXProject "MSChallenge-UIKit" */ = {
			isa = XCConfigurationList;
			buildConfigurations = (
				ADE6BDB12819BADB00637158 /* Debug */,
				ADE6BDB22819BADB00637158 /* Release */,
			);
			defaultConfigurationIsVisible = 0;
			defaultConfigurationName = Release;
		};
		ADE6BDB32819BADB00637158 /* Build configuration list for PBXNativeTarget "MSChallenge-UIKit" */ = {
			isa = XCConfigurationList;
			buildConfigurations = (
				ADE6BDB42819BADB00637158 /* Debug */,
				ADE6BDB52819BADB00637158 /* Release */,
			);
			defaultConfigurationIsVisible = 0;
			defaultConfigurationName = Release;
		};
		ADE6BDD22819C8BF00637158 /* Build configuration list for PBXNativeTarget "MSChallenge-UIKitTests" */ = {
			isa = XCConfigurationList;
			buildConfigurations = (
				ADE6BDD32819C8BF00637158 /* Debug */,
				ADE6BDD42819C8BF00637158 /* Release */,
			);
			defaultConfigurationIsVisible = 0;
			defaultConfigurationName = Release;
		};
		ADE6BDE52819D18C00637158 /* Build configuration list for PBXNativeTarget "MSChallenge-UIKitUITests" */ = {
			isa = XCConfigurationList;
			buildConfigurations = (
				ADE6BDE62819D18C00637158 /* Debug */,
				ADE6BDE72819D18C00637158 /* Release */,
			);
			defaultConfigurationIsVisible = 0;
			defaultConfigurationName = Release;
		};
/* End XCConfigurationList section */
	};
	rootObject = ADE6BD812819BADA00637158 /* Project object */;
}
